
Microsoft Visual Studio Solution File, Format Version 12.00
# Visual Studio Version 16
VisualStudioVersion = 16.0.29025.244
MinimumVisualStudioVersion = 10.0.40219.1
Project("{9A19103F-16F7-4668-BE54-9A1E7A4F7556}") = "Playground.BackgroundServices", "Playground.BackgroundServices\Playground.BackgroundServices.csproj", "{FD8FC3A9-6C94-481B-B5C3-B0F1EC7AA887}"
EndProject
Project("{9A19103F-16F7-4668-BE54-9A1E7A4F7556}") = "Playground.BackgroundServices.Shared", "Playground.BackgroundServices.Shared\Playground.BackgroundServices.Shared.csproj", "{CD7085D5-F3A8-48AF-93AB-196A5CBAA1DC}"
EndProject
Global
	GlobalSection(SolutionConfigurationPlatforms) = preSolution
		Debug|Any CPU = Debug|Any CPU
		Release|Any CPU = Release|Any CPU
	EndGlobalSection
	GlobalSection(ProjectConfigurationPlatforms) = postSolution
		{FD8FC3A9-6C94-481B-B5C3-B0F1EC7AA887}.Debug|Any CPU.ActiveCfg = Debug|Any CPU
		{FD8FC3A9-6C94-481B-B5C3-B0F1EC7AA887}.Debug|Any CPU.Build.0 = Debug|Any CPU
		{FD8FC3A9-6C94-481B-B5C3-B0F1EC7AA887}.Release|Any CPU.ActiveCfg = Release|Any CPU
		{FD8FC3A9-6C94-481B-B5C3-B0F1EC7AA887}.Release|Any CPU.Build.0 = Release|Any CPU
		{CD7085D5-F3A8-48AF-93AB-196A5CBAA1DC}.Debug|Any CPU.ActiveCfg = Debug|Any CPU
		{CD7085D5-F3A8-48AF-93AB-196A5CBAA1DC}.Debug|Any CPU.Build.0 = Debug|Any CPU
		{CD7085D5-F3A8-48AF-93AB-196A5CBAA1DC}.Release|Any CPU.ActiveCfg = Release|Any CPU
		{CD7085D5-F3A8-48AF-93AB-196A5CBAA1DC}.Release|Any CPU.Build.0 = Release|Any CPU
	EndGlobalSection
	GlobalSection(SolutionProperties) = preSolution
		HideSolutionNode = FALSE
	EndGlobalSection
	GlobalSection(ExtensibilityGlobals) = postSolution
		SolutionGuid = {127C450C-2DAB-4C9A-9E36-57BB0B7DD47F}
	EndGlobalSection
EndGlobal
